
Microsoft Visual Studio Solution File, Format Version 12.00
# Visual Studio Version 17
VisualStudioVersion = 17.10.35027.167
MinimumVisualStudioVersion = 10.0.40219.1
Project("{FAE04EC0-301F-11D3-BF4B-00C04F79EFBC}") = "BLL", "BLL\BLL.csproj", "{64B263CB-E9C6-486A-A1D5-8654895F7408}"
EndProject
Project("{FAE04EC0-301F-11D3-BF4B-00C04F79EFBC}") = "DAL", "DAL\DAL.csproj", "{DDB2E7DB-3D2D-408A-BA23-8B8EEE714B14}"
EndProject
Project("{FAE04EC0-301F-11D3-BF4B-00C04F79EFBC}") = "UI", "UI\UI.csproj", "{44ADBA03-F3A3-40A5-818B-D4004ABCF312}"
EndProject
Global
	GlobalSection(SolutionConfigurationPlatforms) = preSolution
		Debug|Any CPU = Debug|Any CPU
		Release|Any CPU = Release|Any CPU
	EndGlobalSection
	GlobalSection(ProjectConfigurationPlatforms) = postSolution
		{64B263CB-E9C6-486A-A1D5-8654895F7408}.Debug|Any CPU.ActiveCfg = Debug|Any CPU
		{64B263CB-E9C6-486A-A1D5-8654895F7408}.Debug|Any CPU.Build.0 = Debug|Any CPU
		{64B263CB-E9C6-486A-A1D5-8654895F7408}.Release|Any CPU.ActiveCfg = Release|Any CPU
		{64B263CB-E9C6-486A-A1D5-8654895F7408}.Release|Any CPU.Build.0 = Release|Any CPU
		{DDB2E7DB-3D2D-408A-BA23-8B8EEE714B14}.Debug|Any CPU.ActiveCfg = Debug|Any CPU
		{DDB2E7DB-3D2D-408A-BA23-8B8EEE714B14}.Debug|Any CPU.Build.0 = Debug|Any CPU
		{DDB2E7DB-3D2D-408A-BA23-8B8EEE714B14}.Release|Any CPU.ActiveCfg = Release|Any CPU
		{DDB2E7DB-3D2D-408A-BA23-8B8EEE714B14}.Release|Any CPU.Build.0 = Release|Any CPU
		{44ADBA03-F3A3-40A5-818B-D4004ABCF312}.Debug|Any CPU.ActiveCfg = Debug|Any CPU
		{44ADBA03-F3A3-40A5-818B-D4004ABCF312}.Debug|Any CPU.Build.0 = Debug|Any CPU
		{44ADBA03-F3A3-40A5-818B-D4004ABCF312}.Release|Any CPU.ActiveCfg = Release|Any CPU
		{44ADBA03-F3A3-40A5-818B-D4004ABCF312}.Release|Any CPU.Build.0 = Release|Any CPU
	EndGlobalSection
	GlobalSection(SolutionProperties) = preSolution
		HideSolutionNode = FALSE
	EndGlobalSection
	GlobalSection(ExtensibilityGlobals) = postSolution
		SolutionGuid = {18B9E32E-D30E-4DDF-AD01-375A1FEC26C2}
	EndGlobalSection
EndGlobal
